{
  "name": "landlock",
  "lockfileVersion": 3,
  "requires": true,
  "packages": {
    "": {
      "dependencies": {
        "svelte-charts": "^0.0.1"
      }
    },
    "node_modules/svelte-charts": {
      "version": "0.0.1",
      "resolved": "https://registry.npmjs.org/svelte-charts/-/svelte-charts-0.0.1.tgz",
      "integrity": "sha512-xCCPNp7oSn618WHLNCslqVRF5C7Y/2mf94t4ZRVYbDxNBtdvaZnua3pcpnn6g1/8VeGzY6Dw+zamT4YcFGL5fw==",
      "license": "ISC"
    }
  }
}
